
Microsoft Visual Studio Solution File, Format Version 12.00
# Visual Studio 2012
Project("{FAE04EC0-301F-11D3-BF4B-00C04F79EFBC}") = "ObservableMyImplementation", "ObservableMyImplementation\ObservableMyImplementation.csproj", "{3294E4F2-D86B-4ED1-B850-B3228CEF84BC}"
EndProject
Global
	GlobalSection(SolutionConfigurationPlatforms) = preSolution
		Debug|Any CPU = Debug|Any CPU
		Release|Any CPU = Release|Any CPU
	EndGlobalSection
	GlobalSection(ProjectConfigurationPlatforms) = postSolution
		{3294E4F2-D86B-4ED1-B850-B3228CEF84BC}.Debug|Any CPU.ActiveCfg = Debug|Any CPU
		{3294E4F2-D86B-4ED1-B850-B3228CEF84BC}.Debug|Any CPU.Build.0 = Debug|Any CPU
		{3294E4F2-D86B-4ED1-B850-B3228CEF84BC}.Release|Any CPU.ActiveCfg = Release|Any CPU
		{3294E4F2-D86B-4ED1-B850-B3228CEF84BC}.Release|Any CPU.Build.0 = Release|Any CPU
	EndGlobalSection
	GlobalSection(SolutionProperties) = preSolution
		HideSolutionNode = FALSE
	EndGlobalSection
EndGlobal
